// !$*UTF8*$!
{
	archiveVersion = 1;
	classes = {
	};
	objectVersion = 46;
	objects = {

/* Begin PBXBuildFile section */
		D088E7021CB2E6D000EECDB3 /* AppDelegate.swift in Sources */ = {isa = PBXBuildFile; fileRef = D088E7011CB2E6D000EECDB3 /* AppDelegate.swift */; };
		D088E7041CB2E6D000EECDB3 /* ViewController.swift in Sources */ = {isa = PBXBuildFile; fileRef = D088E7031CB2E6D000EECDB3 /* ViewController.swift */; };
		D088E7071CB2E6D000EECDB3 /* Main.storyboard in Resources */ = {isa = PBXBuildFile; fileRef = D088E7051CB2E6D000EECDB3 /* Main.storyboard */; };
		D088E7091CB2E6D000EECDB3 /* Assets.xcassets in Resources */ = {isa = PBXBuildFile; fileRef = D088E7081CB2E6D000EECDB3 /* Assets.xcassets */; };
		D088E70C1CB2E6D000EECDB3 /* LaunchScreen.storyboard in Resources */ = {isa = PBXBuildFile; fileRef = D088E70A1CB2E6D000EECDB3 /* LaunchScreen.storyboard */; };
		D088E7171CB2E6D000EECDB3 /* poketestTests.swift in Sources */ = {isa = PBXBuildFile; fileRef = D088E7161CB2E6D000EECDB3 /* poketestTests.swift */; };
/* End PBXBuildFile section */

/* Begin PBXContainerItemProxy section */
		D088E7131CB2E6D000EECDB3 /* PBXContainerItemProxy */ = {
			isa = PBXContainerItemProxy;
			containerPortal = D088E6F61CB2E6D000EECDB3 /* Project object */;
			proxyType = 1;
			remoteGlobalIDString = D088E6FD1CB2E6D000EECDB3;
			remoteInfo = poketest;
		};
/* End PBXContainerItemProxy section */

/* Begin PBXFileReference section */
		D088E6FE1CB2E6D000EECDB3 /* poketest.app */ = {isa = PBXFileReference; explicitFileType = wrapper.application; includeInIndex = 0; path = poketest.app; sourceTree = BUILT_PRODUCTS_DIR; };
		D088E7011CB2E6D000EECDB3 /* AppDelegate.swift */ = {isa = PBXFileReference; lastKnownFileType = sourcecode.swift; path = AppDelegate.swift; sourceTree = "<group>"; };
		D088E7031CB2E6D000EECDB3 /* ViewController.swift */ = {isa = PBXFileReference; lastKnownFileType = sourcecode.swift; path = ViewController.swift; sourceTree = "<group>"; };
		D088E7061CB2E6D000EECDB3 /* Base */ = {isa = PBXFileReference; lastKnownFileType = file.storyboard; name = Base; path = Base.lproj/Main.storyboard; sourceTree = "<group>"; };
		D088E7081CB2E6D000EECDB3 /* Assets.xcassets */ = {isa = PBXFileReference; lastKnownFileType = folder.assetcatalog; path = Assets.xcassets; sourceTree = "<group>"; };
		D088E70B1CB2E6D000EECDB3 /* Base */ = {isa = PBXFileReference; lastKnownFileType = file.storyboard; name = Base; path = Base.lproj/LaunchScreen.storyboard; sourceTree = "<group>"; };
		D088E70D1CB2E6D000EECDB3 /* Info.plist */ = {isa = PBXFileReference; lastKnownFileType = text.plist.xml; path = Info.plist; sourceTree = "<group>"; };
		D088E7121CB2E6D000EECDB3 /* poketestTests.xctest */ = {isa = PBXFileReference; explicitFileType = wrapper.cfbundle; includeInIndex = 0; path = poketestTests.xctest; sourceTree = BUILT_PRODUCTS_DIR; };
		D088E7161CB2E6D000EECDB3 /* poketestTests.swift */ = {isa = PBXFileReference; lastKnownFileType = sourcecode.swift; path = poketestTests.swift; sourceTree = "<group>"; };
		D088E7181CB2E6D000EECDB3 /* Info.plist */ = {isa = PBXFileReference; lastKnownFileType = text.plist.xml; path = Info.plist; sourceTree = "<group>"; };
/* End PBXFileReference section */

/* Begin PBXFrameworksBuildPhase section */
		D088E6FB1CB2E6D000EECDB3 /* Frameworks */ = {
			isa = PBXFrameworksBuildPhase;
			buildActionMask = 2147483647;
			files = (
			);
			runOnlyForDeploymentPostprocessing = 0;
		};
		D088E70F1CB2E6D000EECDB3 /* Frameworks */ = {
			isa = PBXFrameworksBuildPhase;
			buildActionMask = 2147483647;
			files = (
			);
			runOnlyForDeploymentPostprocessing = 0;
		};
/* End PBXFrameworksBuildPhase section */

/* Begin PBXGroup section */
		D088E6F51CB2E6D000EECDB3 = {
			isa = PBXGroup;
			children = (
				D088E7001CB2E6D000EECDB3 /* poketest */,
				D088E7151CB2E6D000EECDB3 /* poketestTests */,
				D088E6FF1CB2E6D000EECDB3 /* Products */,
			);
			sourceTree = "<group>";
		};
		D088E6FF1CB2E6D000EECDB3 /* Products */ = {
			isa = PBXGroup;
			children = (
				D088E6FE1CB2E6D000EECDB3 /* poketest.app */,
				D088E7121CB2E6D000EECDB3 /* poketestTests.xctest */,
			);
			name = Products;
			sourceTree = "<group>";
		};
		D088E7001CB2E6D000EECDB3 /* poketest */ = {
			isa = PBXGroup;
			children = (
				D088E7011CB2E6D000EECDB3 /* AppDelegate.swift */,
				D088E7031CB2E6D000EECDB3 /* ViewController.swift */,
				D088E7051CB2E6D000EECDB3 /* Main.storyboard */,
				D088E7081CB2E6D000EECDB3 /* Assets.xcassets */,
				D088E70A1CB2E6D000EECDB3 /* LaunchScreen.storyboard */,
				D088E70D1CB2E6D000EECDB3 /* Info.plist */,
			);
			path = poketest;
			sourceTree = "<group>";
		};
		D088E7151CB2E6D000EECDB3 /* poketestTests */ = {
			isa = PBXGroup;
			children = (
				D088E7161CB2E6D000EECDB3 /* poketestTests.swift */,
				D088E7181CB2E6D000EECDB3 /* Info.plist */,
			);
			path = poketestTests;
			sourceTree = "<group>";
		};
/* End PBXGroup section */

/* Begin PBXNativeTarget section */
		D088E6FD1CB2E6D000EECDB3 /* poketest */ = {
			isa = PBXNativeTarget;
			buildConfigurationList = D088E71B1CB2E6D000EECDB3 /* Build configuration list for PBXNativeTarget "poketest" */;
			buildPhases = (
				D088E6FA1CB2E6D000EECDB3 /* Sources */,
				D088E6FB1CB2E6D000EECDB3 /* Frameworks */,
				D088E6FC1CB2E6D000EECDB3 /* Resources */,
			);
			buildRules = (
			);
			dependencies = (
			);
			name = poketest;
			productName = poketest;
			productReference = D088E6FE1CB2E6D000EECDB3 /* poketest.app */;
			productType = "com.apple.product-type.application";
		};
		D088E7111CB2E6D000EECDB3 /* poketestTests */ = {
			isa = PBXNativeTarget;
			buildConfigurationList = D088E71E1CB2E6D000EECDB3 /* Build configuration list for PBXNativeTarget "poketestTests" */;
			buildPhases = (
				D088E70E1CB2E6D000EECDB3 /* Sources */,
				D088E70F1CB2E6D000EECDB3 /* Frameworks */,
				D088E7101CB2E6D000EECDB3 /* Resources */,
			);
			buildRules = (
			);
			dependencies = (
				D088E7141CB2E6D000EECDB3 /* PBXTargetDependency */,
			);
			name = poketestTests;
			productName = poketestTests;
			productReference = D088E7121CB2E6D000EECDB3 /* poketestTests.xctest */;
			productType = "com.apple.product-type.bundle.unit-test";
		};
/* End PBXNativeTarget section */

/* Begin PBXProject section */
		D088E6F61CB2E6D000EECDB3 /* Project object */ = {
			isa = PBXProject;
			attributes = {
				LastSwiftUpdateCheck = 0730;
				LastUpgradeCheck = 0730;
				ORGANIZATIONNAME = "Charles Harring";
				TargetAttributes = {
					D088E6FD1CB2E6D000EECDB3 = {
						CreatedOnToolsVersion = 7.3;
					};
					D088E7111CB2E6D000EECDB3 = {
						CreatedOnToolsVersion = 7.3;
						TestTargetID = D088E6FD1CB2E6D000EECDB3;
					};
				};
			};
			buildConfigurationList = D088E6F91CB2E6D000EECDB3 /* Build configuration list for PBXProject "poketest" */;
			compatibilityVersion = "Xcode 3.2";
			developmentRegion = English;
			hasScannedForEncodings = 0;
			knownRegions = (
				en,
				Base,
			);
			mainGroup = D088E6F51CB2E6D000EECDB3;
			productRefGroup = D088E6FF1CB2E6D000EECDB3 /* Products */;
			projectDirPath = "";
			projectRoot = "";
			targets = (
				D088E6FD1CB2E6D000EECDB3 /* poketest */,
				D088E7111CB2E6D000EECDB3 /* poketestTests */,
			);
		};
/* End PBXProject section */

/* Begin PBXResourcesBuildPhase section */
		D088E6FC1CB2E6D000EECDB3 /* Resources */ = {
			isa = PBXResourcesBuildPhase;
			buildActionMask = 2147483647;
			files = (
				D088E70C1CB2E6D000EECDB3 /* LaunchScreen.storyboard in Resources */,
				D088E7091CB2E6D000EECDB3 /* Assets.xcassets in Resources */,
				D088E7071CB2E6D000EECDB3 /* Main.storyboard in Resources */,
			);
			runOnlyForDeploymentPostprocessing = 0;
		};
		D088E7101CB2E6D000EECDB3 /* Resources */ = {
			isa = PBXResourcesBuildPhase;
			buildActionMask = 2147483647;
			files = (
			);
			runOnlyForDeploymentPostprocessing = 0;
		};
/* End PBXResourcesBuildPhase section */

/* Begin PBXSourcesBuildPhase section */
		D088E6FA1CB2E6D000EECDB3 /* Sources */ = {
			isa = PBXSourcesBuildPhase;
			buildActionMask = 2147483647;
			files = (
				D088E7041CB2E6D000EECDB3 /* ViewController.swift in Sources */,
				D088E7021CB2E6D000EECDB3 /* AppDelegate.swift in Sources */,
			);
			runOnlyForDeploymentPostprocessing = 0;
		};
		D088E70E1CB2E6D000EECDB3 /* Sources */ = {
			isa = PBXSourcesBuildPhase;
			buildActionMask = 2147483647;
			files = (
				D088E7171CB2E6D000EECDB3 /* poketestTests.swift in Sources */,
			);
			runOnlyForDeploymentPostprocessing = 0;
		};
/* End PBXSourcesBuildPhase section */

/* Begin PBXTargetDependency section */
		D088E7141CB2E6D000EECDB3 /* PBXTargetDependency */ = {
			isa = PBXTargetDependency;
			target = D088E6FD1CB2E6D000EECDB3 /* poketest */;
			targetProxy = D088E7131CB2E6D000EECDB3 /* PBXContainerItemProxy */;
		};
/* End PBXTargetDependency section */

/* Begin PBXVariantGroup section */
		D088E7051CB2E6D000EECDB3 /* Main.storyboard */ = {
			isa = PBXVariantGroup;
			children = (
				D088E7061CB2E6D000EECDB3 /* Base */,
			);
			name = Main.storyboard;
			sourceTree = "<group>";
		};
		D088E70A1CB2E6D000EECDB3 /* LaunchScreen.storyboard */ = {
			isa = PBXVariantGroup;
			children = (
				D088E70B1CB2E6D000EECDB3 /* Base */,
			);
			name = LaunchScreen.storyboard;
			sourceTree = "<group>";
		};
/* End PBXVariantGroup section */

/* Begin XCBuildConfiguration section */
		D088E7191CB2E6D000EECDB3 /* Debug */ = {
			isa = XCBuildConfiguration;
			buildSettings = {
				ALWAYS_SEARCH_USER_PATHS = NO;
				CLANG_ANALYZER_NONNULL = YES;
				CLANG_CXX_LANGUAGE_STANDARD = "gnu++0x";
				CLANG_CXX_LIBRARY = "libc++";
				CLANG_ENABLE_MODULES = YES;
				CLANG_ENABLE_OBJC_ARC = YES;
				CLANG_WARN_BOOL_CONVERSION = YES;
				CLANG_WARN_CONSTANT_CONVERSION = YES;
				CLANG_WARN_DIRECT_OBJC_ISA_USAGE = YES_ERROR;
				CLANG_WARN_EMPTY_BODY = YES;
				CLANG_WARN_ENUM_CONVERSION = YES;
				CLANG_WARN_INT_CONVERSION = YES;
				CLANG_WARN_OBJC_ROOT_CLASS = YES_ERROR;
				CLANG_WARN_UNREACHABLE_CODE = YES;
				CLANG_WARN__DUPLICATE_METHOD_MATCH = YES;
				"CODE_SIGN_IDENTITY[sdk=iphoneos*]" = "iPhone Developer";
				COPY_PHASE_STRIP = NO;
				DEBUG_INFORMATION_FORMAT = dwarf;
				ENABLE_STRICT_OBJC_MSGSEND = YES;
				ENABLE_TESTABILITY = YES;
				GCC_C_LANGUAGE_STANDARD = gnu99;
				GCC_DYNAMIC_NO_PIC = NO;
				GCC_NO_COMMON_BLOCKS = YES;
				GCC_OPTIMIZATION_LEVEL = 0;
				GCC_PREPROCESSOR_DEFINITIONS = (
					"DEBUG=1",
					"$(inherited)",
				);
				GCC_WARN_64_TO_32_BIT_CONVERSION = YES;
				GCC_WARN_ABOUT_RETURN_TYPE = YES_ERROR;
				GCC_WARN_UNDECLARED_SELECTOR = YES;
				GCC_WARN_UNINITIALIZED_AUTOS = YES_AGGRESSIVE;
				GCC_WARN_UNUSED_FUNCTION = YES;
				GCC_WARN_UNUSED_VARIABLE = YES;
				IPHONEOS_DEPLOYMENT_TARGET = 9.3;
				MTL_ENABLE_DEBUG_INFO = YES;
				ONLY_ACTIVE_ARCH = YES;
				SDKROOT = iphoneos;
				SWIFT_OPTIMIZATION_LEVEL = "-Onone";
			};
			name = Debug;
		};
		D088E71A1CB2E6D000EECDB3 /* Release */ = {
			isa = XCBuildConfiguration;
			buildSettings = {
				ALWAYS_SEARCH_USER_PATHS = NO;
				CLANG_ANALYZER_NONNULL = YES;
				CLANG_CXX_LANGUAGE_STANDARD = "gnu++0x";
				CLANG_CXX_LIBRARY = "libc++";
				CLANG_ENABLE_MODULES = YES;
				CLANG_ENABLE_OBJC_ARC = YES;
				CLANG_WARN_BOOL_CONVERSION = YES;
				CLANG_WARN_CONSTANT_CONVERSION = YES;
				CLANG_WARN_DIRECT_OBJC_ISA_USAGE = YES_ERROR;
				CLANG_WARN_EMPTY_BODY = YES;
				CLANG_WARN_ENUM_CONVERSION = YES;
				CLANG_WARN_INT_CONVERSION = YES;
				CLANG_WARN_OBJC_ROOT_CLASS = YES_ERROR;
				CLANG_WARN_UNREACHABLE_CODE = YES;
				CLANG_WARN__DUPLICATE_METHOD_MATCH = YES;
				"CODE_SIGN_IDENTITY[sdk=iphoneos*]" = "iPhone Developer";
				COPY_PHASE_STRIP = NO;
				DEBUG_INFORMATION_FORMAT = "dwarf-with-dsym";
				ENABLE_NS_ASSERTIONS = NO;
				ENABLE_STRICT_OBJC_MSGSEND = YES;
				GCC_C_LANGUAGE_STANDARD = gnu99;
				GCC_NO_COMMON_BLOCKS = YES;
				GCC_WARN_64_TO_32_BIT_CONVERSION = YES;
				GCC_WARN_ABOUT_RETURN_TYPE = YES_ERROR;
				GCC_WARN_UNDECLARED_SELECTOR = YES;
				GCC_WARN_UNINITIALIZED_AUTOS = YES_AGGRESSIVE;
				GCC_WARN_UNUSED_FUNCTION = YES;
				GCC_WARN_UNUSED_VARIABLE = YES;
				IPHONEOS_DEPLOYMENT_TARGET = 9.3;
				MTL_ENABLE_DEBUG_INFO = NO;
				SDKROOT = iphoneos;
				VALIDATE_PRODUCT = YES;
			};
			name = Release;
		};
		D088E71C1CB2E6D000EECDB3 /* Debug */ = {
			isa = XCBuildConfiguration;
			buildSettings = {
				ASSETCATALOG_COMPILER_APPICON_NAME = AppIcon;
				INFOPLIST_FILE = poketest/Info.plist;
				LD_RUNPATH_SEARCH_PATHS = "$(inherited) @executable_path/Frameworks";
				PRODUCT_BUNDLE_IDENTIFIER = treen9neTechnology.poketest;
				PRODUCT_NAME = "$(TARGET_NAME)";
			};
			name = Debug;
		};
		D088E71D1CB2E6D000EECDB3 /* Release */ = {
			isa = XCBuildConfiguration;
			buildSettings = {
				ASSETCATALOG_COMPILER_APPICON_NAME = AppIcon;
				INFOPLIST_FILE = poketest/Info.plist;
				LD_RUNPATH_SEARCH_PATHS = "$(inherited) @executable_path/Frameworks";
				PRODUCT_BUNDLE_IDENTIFIER = treen9neTechnology.poketest;
				PRODUCT_NAME = "$(TARGET_NAME)";
			};
			name = Release;
		};
		D088E71F1CB2E6D000EECDB3 /* Debug */ = {
			isa = XCBuildConfiguration;
			buildSettings = {
				BUNDLE_LOADER = "$(TEST_HOST)";
				INFOPLIST_FILE = poketestTests/Info.plist;
				LD_RUNPATH_SEARCH_PATHS = "$(inherited) @executable_path/Frameworks @loader_path/Frameworks";
				PRODUCT_BUNDLE_IDENTIFIER = treen9neTechnology.poketestTests;
				PRODUCT_NAME = "$(TARGET_NAME)";
				TEST_HOST = "$(BUILT_PRODUCTS_DIR)/poketest.app/poketest";
			};
			name = Debug;
		};
		D088E7201CB2E6D000EECDB3 /* Release */ = {
			isa = XCBuildConfiguration;
			buildSettings = {
				BUNDLE_LOADER = "$(TEST_HOST)";
				INFOPLIST_FILE = poketestTests/Info.plist;
				LD_RUNPATH_SEARCH_PATHS = "$(inherited) @executable_path/Frameworks @loader_path/Frameworks";
				PRODUCT_BUNDLE_IDENTIFIER = treen9neTechnology.poketestTests;
				PRODUCT_NAME = "$(TARGET_NAME)";
				TEST_HOST = "$(BUILT_PRODUCTS_DIR)/poketest.app/poketest";
			};
			name = Release;
		};
/* End XCBuildConfiguration section */

/* Begin XCConfigurationList section */
		D088E6F91CB2E6D000EECDB3 /* Build configuration list for PBXProject "poketest" */ = {
			isa = XCConfigurationList;
			buildConfigurations = (
				D088E7191CB2E6D000EECDB3 /* Debug */,
				D088E71A1CB2E6D000EECDB3 /* Release */,
			);
			defaultConfigurationIsVisible = 0;
			defaultConfigurationName = Release;
		};
		D088E71B1CB2E6D000EECDB3 /* Build configuration list for PBXNativeTarget "poketest" */ = {
			isa = XCConfigurationList;
			buildConfigurations = (
				D088E71C1CB2E6D000EECDB3 /* Debug */,
				D088E71D1CB2E6D000EECDB3 /* Release */,
			);
			defaultConfigurationIsVisible = 0;
		};
		D088E71E1CB2E6D000EECDB3 /* Build configuration list for PBXNativeTarget "poketestTests" */ = {
			isa = XCConfigurationList;
			buildConfigurations = (
				D088E71F1CB2E6D000EECDB3 /* Debug */,
				D088E7201CB2E6D000EECDB3 /* Release */,
			);
			defaultConfigurationIsVisible = 0;
		};
/* End XCConfigurationList section */
	};
	rootObject = D088E6F61CB2E6D000EECDB3 /* Project object */;
}
